
Microsoft Visual Studio Solution File, Format Version 12.00
# Visual Studio Version 17
VisualStudioVersion = 17.3.32611.2
MinimumVisualStudioVersion = 10.0.40219.1
Project("{FAE04EC0-301F-11D3-BF4B-00C04F79EFBC}") = "FTPManager", "FTPManager\FTPManager.csproj", "{BE0865C1-AF1C-4A8F-B8D8-1E019848E8E3}"
EndProject
Global
	GlobalSection(SolutionConfigurationPlatforms) = preSolution
		Debug|Any CPU = Debug|Any CPU
		Release|Any CPU = Release|Any CPU
	EndGlobalSection
	GlobalSection(ProjectConfigurationPlatforms) = postSolution
		{BE0865C1-AF1C-4A8F-B8D8-1E019848E8E3}.Debug|Any CPU.ActiveCfg = Debug|Any CPU
		{BE0865C1-AF1C-4A8F-B8D8-1E019848E8E3}.Debug|Any CPU.Build.0 = Debug|Any CPU
		{BE0865C1-AF1C-4A8F-B8D8-1E019848E8E3}.Release|Any CPU.ActiveCfg = Release|Any CPU
		{BE0865C1-AF1C-4A8F-B8D8-1E019848E8E3}.Release|Any CPU.Build.0 = Release|Any CPU
	EndGlobalSection
	GlobalSection(SolutionProperties) = preSolution
		HideSolutionNode = FALSE
	EndGlobalSection
	GlobalSection(ExtensibilityGlobals) = postSolution
		SolutionGuid = {8B38805F-C7A6-4575-B69C-D4E1E5C757AA}
	EndGlobalSection
EndGlobal
